lockfileVersion: '9.0'

settings:
  autoInstallPeers: true
  excludeLinksFromLockfile: false

importers:

  .:
    dependencies:
      ky:
        specifier: ^1.2.4
        version: 1.2.4

packages:

  ky@1.2.4:
    resolution: {integrity: sha512-CfSrf4a0yj1n6WgPT6kQNQOopIGLkQzqSAXo05oKByaH7G3SiqW4a8jGox0p9whMXqO49H7ljgigivrMyycAVA==}
    engines: {node: '>=18'}

snapshots:

  ky@1.2.4: {}
